
Microsoft Visual Studio Solution File, Format Version 12.00
# Visual Studio Version 17
VisualStudioVersion = 17.5.33530.505
MinimumVisualStudioVersion = 10.0.40219.1
Project("{FAE04EC0-301F-11D3-BF4B-00C04F79EFBC}") = "webapp", "webapp\webapp.csproj", "{7C49F2D5-4187-4C95-96E1-C51279E9B4BA}"
EndProject
Global
	GlobalSection(SolutionConfigurationPlatforms) = preSolution
		Debug|Any CPU = Debug|Any CPU
		Release|Any CPU = Release|Any CPU
	EndGlobalSection
	GlobalSection(ProjectConfigurationPlatforms) = postSolution
		{7C49F2D5-4187-4C95-96E1-C51279E9B4BA}.Debug|Any CPU.ActiveCfg = Debug|Any CPU
		{7C49F2D5-4187-4C95-96E1-C51279E9B4BA}.Debug|Any CPU.Build.0 = Debug|Any CPU
		{7C49F2D5-4187-4C95-96E1-C51279E9B4BA}.Release|Any CPU.ActiveCfg = Release|Any CPU
		{7C49F2D5-4187-4C95-96E1-C51279E9B4BA}.Release|Any CPU.Build.0 = Release|Any CPU
	EndGlobalSection
	GlobalSection(SolutionProperties) = preSolution
		HideSolutionNode = FALSE
	EndGlobalSection
	GlobalSection(ExtensibilityGlobals) = postSolution
		SolutionGuid = {7320B188-233C-4AB1-A54D-9E9C9090629C}
	EndGlobalSection
EndGlobal
